
Microsoft Visual Studio Solution File, Format Version 12.00
# Visual Studio Version 16
VisualStudioVersion = 16.0.30011.22
MinimumVisualStudioVersion = 15.0.26124.0
Project("{FAE04EC0-301F-11D3-BF4B-00C04F79EFBC}") = "Lessons", "Lessons\Lessons.csproj", "{E42AD262-7C73-4068-B38F-65A6C052FE0D}"
EndProject
Project("{FAE04EC0-301F-11D3-BF4B-00C04F79EFBC}") = "Lessons.Tests", "Lessons.Tests\Lessons.Tests.csproj", "{E9FB333B-BB7E-46DA-AE57-AD424D14EAA2}"
EndProject
Global
	GlobalSection(SolutionConfigurationPlatforms) = preSolution
		Debug|Any CPU = Debug|Any CPU
		Release|Any CPU = Release|Any CPU
	EndGlobalSection
	GlobalSection(ProjectConfigurationPlatforms) = postSolution
		{E42AD262-7C73-4068-B38F-65A6C052FE0D}.Debug|Any CPU.ActiveCfg = Debug|Any CPU
		{E42AD262-7C73-4068-B38F-65A6C052FE0D}.Debug|Any CPU.Build.0 = Debug|Any CPU
		{E42AD262-7C73-4068-B38F-65A6C052FE0D}.Release|Any CPU.ActiveCfg = Release|Any CPU
		{E42AD262-7C73-4068-B38F-65A6C052FE0D}.Release|Any CPU.Build.0 = Release|Any CPU
		{E9FB333B-BB7E-46DA-AE57-AD424D14EAA2}.Debug|Any CPU.ActiveCfg = Debug|Any CPU
		{E9FB333B-BB7E-46DA-AE57-AD424D14EAA2}.Debug|Any CPU.Build.0 = Debug|Any CPU
		{E9FB333B-BB7E-46DA-AE57-AD424D14EAA2}.Release|Any CPU.ActiveCfg = Release|Any CPU
		{E9FB333B-BB7E-46DA-AE57-AD424D14EAA2}.Release|Any CPU.Build.0 = Release|Any CPU
	EndGlobalSection
	GlobalSection(SolutionProperties) = preSolution
		HideSolutionNode = FALSE
	EndGlobalSection
	GlobalSection(ExtensibilityGlobals) = postSolution
		SolutionGuid = {2576BBEC-0DFA-46DA-AE00-2A3D12409B01}
	EndGlobalSection
EndGlobal
